
Microsoft Visual Studio Solution File, Format Version 12.00
# Visual Studio Version 17
VisualStudioVersion = 17.13.35919.96
MinimumVisualStudioVersion = 10.0.40219.1
Project("{8BC9CEB8-8B4A-11D0-8D11-00A0C91BC942}") = "1stAssignment", "1stAssignment\1stAssignment.vcxproj", "{D448F7E0-FCB9-4EC3-9E36-8C9639898391}"
EndProject
Project("{8BC9CEB8-8B4A-11D0-8D11-00A0C91BC942}") = "PrimitiveDataTypes", "PrimitiveDataTypes\PrimitiveDataTypes.vcxproj", "{C2E37D2A-A611-46D3-A8B6-2DE68E9B09CA}"
EndProject
Project("{8BC9CEB8-8B4A-11D0-8D11-00A0C91BC942}") = "UserDataTypes", "UserDataTypes\UserDataTypes.vcxproj", "{0E3FAFD4-B674-4DF8-98D5-35FC50DA969C}"
EndProject
Project("{8BC9CEB8-8B4A-11D0-8D11-00A0C91BC942}") = "ContainersTeach", "ContainersTeach\ContainersTeach.vcxproj", "{84390A21-AAAD-4AD0-B002-28202ADEDCCD}"
EndProject
Project("{8BC9CEB8-8B4A-11D0-8D11-00A0C91BC942}") = "Pointers", "Pointers\Pointers.vcxproj", "{D2BDEB3A-0C7F-43F0-9F77-BF331DC6CEB3}"
EndProject
Project("{8BC9CEB8-8B4A-11D0-8D11-00A0C91BC942}") = "References", "References\References.vcxproj", "{50463065-2A23-4798-A20E-F7ED84C7BCA7}"
EndProject
Project("{8BC9CEB8-8B4A-11D0-8D11-00A0C91BC942}") = "OOP", "OOP\OOP.vcxproj", "{741C36EA-1E9A-4056-AD92-A83EB648E9A6}"
EndProject
Project("{8BC9CEB8-8B4A-11D0-8D11-00A0C91BC942}") = "MemoryReview", "MemoryReview\MemoryReview.vcxproj", "{D0201222-4A37-46CD-967F-4C7990A6F361}"
EndProject
Project("{8BC9CEB8-8B4A-11D0-8D11-00A0C91BC942}") = "SmartPointer", "SmartPointer\SmartPointer.vcxproj", "{4D2B8644-133C-4B1A-BFAA-739E98225CD9}"
EndProject
Project("{8BC9CEB8-8B4A-11D0-8D11-00A0C91BC942}") = "Classes", "Classes\Classes.vcxproj", "{2A4EB403-C8BA-4C3C-88E9-5737095DE11E}"
EndProject
Project("{8BC9CEB8-8B4A-11D0-8D11-00A0C91BC942}") = "Misc", "Misc\Misc.vcxproj", "{4071A26E-238B-427A-A83E-0843765EBBEC}"
EndProject
Project("{8BC9CEB8-8B4A-11D0-8D11-00A0C91BC942}") = "NumberGuess", "NumberGuess\NumberGuess.vcxproj", "{B1CE35BD-E3B5-4B64-9083-5CDA6B7E77A9}"
EndProject
Project("{8BC9CEB8-8B4A-11D0-8D11-00A0C91BC942}") = "Fractions", "Fractions\Fractions.vcxproj", "{EAC1A75D-FAE1-46B4-8B6A-890090FF40E2}"
EndProject
Project("{8BC9CEB8-8B4A-11D0-8D11-00A0C91BC942}") = "failAssignment", "failAssignment\failAssignment.vcxproj", "{6169F652-DC20-483B-B801-5B9CB478734B}"
EndProject
Global
	GlobalSection(SolutionConfigurationPlatforms) = preSolution
		Debug|x64 = Debug|x64
		Debug|x86 = Debug|x86
		Release|x64 = Release|x64
		Release|x86 = Release|x86
	EndGlobalSection
	GlobalSection(ProjectConfigurationPlatforms) = postSolution
		{D448F7E0-FCB9-4EC3-9E36-8C9639898391}.Debug|x64.ActiveCfg = Debug|x64
		{D448F7E0-FCB9-4EC3-9E36-8C9639898391}.Debug|x64.Build.0 = Debug|x64
		{D448F7E0-FCB9-4EC3-9E36-8C9639898391}.Debug|x86.ActiveCfg = Debug|Win32
		{D448F7E0-FCB9-4EC3-9E36-8C9639898391}.Debug|x86.Build.0 = Debug|Win32
		{D448F7E0-FCB9-4EC3-9E36-8C9639898391}.Release|x64.ActiveCfg = Release|x64
		{D448F7E0-FCB9-4EC3-9E36-8C9639898391}.Release|x64.Build.0 = Release|x64
		{D448F7E0-FCB9-4EC3-9E36-8C9639898391}.Release|x86.ActiveCfg = Release|Win32
		{D448F7E0-FCB9-4EC3-9E36-8C9639898391}.Release|x86.Build.0 = Release|Win32
		{C2E37D2A-A611-46D3-A8B6-2DE68E9B09CA}.Debug|x64.ActiveCfg = Debug|x64
		{C2E37D2A-A611-46D3-A8B6-2DE68E9B09CA}.Debug|x64.Build.0 = Debug|x64
		{C2E37D2A-A611-46D3-A8B6-2DE68E9B09CA}.Debug|x86.ActiveCfg = Debug|Win32
		{C2E37D2A-A611-46D3-A8B6-2DE68E9B09CA}.Debug|x86.Build.0 = Debug|Win32
		{C2E37D2A-A611-46D3-A8B6-2DE68E9B09CA}.Release|x64.ActiveCfg = Release|x64
		{C2E37D2A-A611-46D3-A8B6-2DE68E9B09CA}.Release|x64.Build.0 = Release|x64
		{C2E37D2A-A611-46D3-A8B6-2DE68E9B09CA}.Release|x86.ActiveCfg = Release|Win32
		{C2E37D2A-A611-46D3-A8B6-2DE68E9B09CA}.Release|x86.Build.0 = Release|Win32
		{0E3FAFD4-B674-4DF8-98D5-35FC50DA969C}.Debug|x64.ActiveCfg = Debug|x64
		{0E3FAFD4-B674-4DF8-98D5-35FC50DA969C}.Debug|x64.Build.0 = Debug|x64
		{0E3FAFD4-B674-4DF8-98D5-35FC50DA969C}.Debug|x86.ActiveCfg = Debug|Win32
		{0E3FAFD4-B674-4DF8-98D5-35FC50DA969C}.Debug|x86.Build.0 = Debug|Win32
		{0E3FAFD4-B674-4DF8-98D5-35FC50DA969C}.Release|x64.ActiveCfg = Release|x64
		{0E3FAFD4-B674-4DF8-98D5-35FC50DA969C}.Release|x64.Build.0 = Release|x64
		{0E3FAFD4-B674-4DF8-98D5-35FC50DA969C}.Release|x86.ActiveCfg = Release|Win32
		{0E3FAFD4-B674-4DF8-98D5-35FC50DA969C}.Release|x86.Build.0 = Release|Win32
		{84390A21-AAAD-4AD0-B002-28202ADEDCCD}.Debug|x64.ActiveCfg = Debug|x64
		{84390A21-AAAD-4AD0-B002-28202ADEDCCD}.Debug|x64.Build.0 = Debug|x64
		{84390A21-AAAD-4AD0-B002-28202ADEDCCD}.Debug|x86.ActiveCfg = Debug|Win32
		{84390A21-AAAD-4AD0-B002-28202ADEDCCD}.Debug|x86.Build.0 = Debug|Win32
		{84390A21-AAAD-4AD0-B002-28202ADEDCCD}.Release|x64.ActiveCfg = Release|x64
		{84390A21-AAAD-4AD0-B002-28202ADEDCCD}.Release|x64.Build.0 = Release|x64
		{84390A21-AAAD-4AD0-B002-28202ADEDCCD}.Release|x86.ActiveCfg = Release|Win32
		{84390A21-AAAD-4AD0-B002-28202ADEDCCD}.Release|x86.Build.0 = Release|Win32
		{D2BDEB3A-0C7F-43F0-9F77-BF331DC6CEB3}.Debug|x64.ActiveCfg = Debug|x64
		{D2BDEB3A-0C7F-43F0-9F77-BF331DC6CEB3}.Debug|x64.Build.0 = Debug|x64
		{D2BDEB3A-0C7F-43F0-9F77-BF331DC6CEB3}.Debug|x86.ActiveCfg = Debug|Win32
		{D2BDEB3A-0C7F-43F0-9F77-BF331DC6CEB3}.Debug|x86.Build.0 = Debug|Win32
		{D2BDEB3A-0C7F-43F0-9F77-BF331DC6CEB3}.Release|x64.ActiveCfg = Release|x64
		{D2BDEB3A-0C7F-43F0-9F77-BF331DC6CEB3}.Release|x64.Build.0 = Release|x64
		{D2BDEB3A-0C7F-43F0-9F77-BF331DC6CEB3}.Release|x86.ActiveCfg = Release|Win32
		{D2BDEB3A-0C7F-43F0-9F77-BF331DC6CEB3}.Release|x86.Build.0 = Release|Win32
		{50463065-2A23-4798-A20E-F7ED84C7BCA7}.Debug|x64.ActiveCfg = Debug|x64
		{50463065-2A23-4798-A20E-F7ED84C7BCA7}.Debug|x64.Build.0 = Debug|x64
		{50463065-2A23-4798-A20E-F7ED84C7BCA7}.Debug|x86.ActiveCfg = Debug|Win32
		{50463065-2A23-4798-A20E-F7ED84C7BCA7}.Debug|x86.Build.0 = Debug|Win32
		{50463065-2A23-4798-A20E-F7ED84C7BCA7}.Release|x64.ActiveCfg = Release|x64
		{50463065-2A23-4798-A20E-F7ED84C7BCA7}.Release|x64.Build.0 = Release|x64
		{50463065-2A23-4798-A20E-F7ED84C7BCA7}.Release|x86.ActiveCfg = Release|Win32
		{50463065-2A23-4798-A20E-F7ED84C7BCA7}.Release|x86.Build.0 = Release|Win32
		{741C36EA-1E9A-4056-AD92-A83EB648E9A6}.Debug|x64.ActiveCfg = Debug|x64
		{741C36EA-1E9A-4056-AD92-A83EB648E9A6}.Debug|x64.Build.0 = Debug|x64
		{741C36EA-1E9A-4056-AD92-A83EB648E9A6}.Debug|x86.ActiveCfg = Debug|Win32
		{741C36EA-1E9A-4056-AD92-A83EB648E9A6}.Debug|x86.Build.0 = Debug|Win32
		{741C36EA-1E9A-4056-AD92-A83EB648E9A6}.Release|x64.ActiveCfg = Release|x64
		{741C36EA-1E9A-4056-AD92-A83EB648E9A6}.Release|x64.Build.0 = Release|x64
		{741C36EA-1E9A-4056-AD92-A83EB648E9A6}.Release|x86.ActiveCfg = Release|Win32
		{741C36EA-1E9A-4056-AD92-A83EB648E9A6}.Release|x86.Build.0 = Release|Win32
		{D0201222-4A37-46CD-967F-4C7990A6F361}.Debug|x64.ActiveCfg = Debug|x64
		{D0201222-4A37-46CD-967F-4C7990A6F361}.Debug|x64.Build.0 = Debug|x64
		{D0201222-4A37-46CD-967F-4C7990A6F361}.Debug|x86.ActiveCfg = Debug|Win32
		{D0201222-4A37-46CD-967F-4C7990A6F361}.Debug|x86.Build.0 = Debug|Win32
		{D0201222-4A37-46CD-967F-4C7990A6F361}.Release|x64.ActiveCfg = Release|x64
		{D0201222-4A37-46CD-967F-4C7990A6F361}.Release|x64.Build.0 = Release|x64
		{D0201222-4A37-46CD-967F-4C7990A6F361}.Release|x86.ActiveCfg = Release|Win32
		{D0201222-4A37-46CD-967F-4C7990A6F361}.Release|x86.Build.0 = Release|Win32
		{4D2B8644-133C-4B1A-BFAA-739E98225CD9}.Debug|x64.ActiveCfg = Debug|x64
		{4D2B8644-133C-4B1A-BFAA-739E98225CD9}.Debug|x64.Build.0 = Debug|x64
		{4D2B8644-133C-4B1A-BFAA-739E98225CD9}.Debug|x86.ActiveCfg = Debug|Win32
		{4D2B8644-133C-4B1A-BFAA-739E98225CD9}.Debug|x86.Build.0 = Debug|Win32
		{4D2B8644-133C-4B1A-BFAA-739E98225CD9}.Release|x64.ActiveCfg = Release|x64
		{4D2B8644-133C-4B1A-BFAA-739E98225CD9}.Release|x64.Build.0 = Release|x64
		{4D2B8644-133C-4B1A-BFAA-739E98225CD9}.Release|x86.ActiveCfg = Release|Win32
		{4D2B8644-133C-4B1A-BFAA-739E98225CD9}.Release|x86.Build.0 = Release|Win32
		{2A4EB403-C8BA-4C3C-88E9-5737095DE11E}.Debug|x64.ActiveCfg = Debug|x64
		{2A4EB403-C8BA-4C3C-88E9-5737095DE11E}.Debug|x64.Build.0 = Debug|x64
		{2A4EB403-C8BA-4C3C-88E9-5737095DE11E}.Debug|x86.ActiveCfg = Debug|Win32
		{2A4EB403-C8BA-4C3C-88E9-5737095DE11E}.Debug|x86.Build.0 = Debug|Win32
		{2A4EB403-C8BA-4C3C-88E9-5737095DE11E}.Release|x64.ActiveCfg = Release|x64
		{2A4EB403-C8BA-4C3C-88E9-5737095DE11E}.Release|x64.Build.0 = Release|x64
		{2A4EB403-C8BA-4C3C-88E9-5737095DE11E}.Release|x86.ActiveCfg = Release|Win32
		{2A4EB403-C8BA-4C3C-88E9-5737095DE11E}.Release|x86.Build.0 = Release|Win32
		{4071A26E-238B-427A-A83E-0843765EBBEC}.Debug|x64.ActiveCfg = Debug|x64
		{4071A26E-238B-427A-A83E-0843765EBBEC}.Debug|x64.Build.0 = Debug|x64
		{4071A26E-238B-427A-A83E-0843765EBBEC}.Debug|x86.ActiveCfg = Debug|Win32
		{4071A26E-238B-427A-A83E-0843765EBBEC}.Debug|x86.Build.0 = Debug|Win32
		{4071A26E-238B-427A-A83E-0843765EBBEC}.Release|x64.ActiveCfg = Release|x64
		{4071A26E-238B-427A-A83E-0843765EBBEC}.Release|x64.Build.0 = Release|x64
		{4071A26E-238B-427A-A83E-0843765EBBEC}.Release|x86.ActiveCfg = Release|Win32
		{4071A26E-238B-427A-A83E-0843765EBBEC}.Release|x86.Build.0 = Release|Win32
		{B1CE35BD-E3B5-4B64-9083-5CDA6B7E77A9}.Debug|x64.ActiveCfg = Debug|x64
		{B1CE35BD-E3B5-4B64-9083-5CDA6B7E77A9}.Debug|x64.Build.0 = Debug|x64
		{B1CE35BD-E3B5-4B64-9083-5CDA6B7E77A9}.Debug|x86.ActiveCfg = Debug|Win32
		{B1CE35BD-E3B5-4B64-9083-5CDA6B7E77A9}.Debug|x86.Build.0 = Debug|Win32
		{B1CE35BD-E3B5-4B64-9083-5CDA6B7E77A9}.Release|x64.ActiveCfg = Release|x64
		{B1CE35BD-E3B5-4B64-9083-5CDA6B7E77A9}.Release|x64.Build.0 = Release|x64
		{B1CE35BD-E3B5-4B64-9083-5CDA6B7E77A9}.Release|x86.ActiveCfg = Release|Win32
		{B1CE35BD-E3B5-4B64-9083-5CDA6B7E77A9}.Release|x86.Build.0 = Release|Win32
		{EAC1A75D-FAE1-46B4-8B6A-890090FF40E2}.Debug|x64.ActiveCfg = Debug|x64
		{EAC1A75D-FAE1-46B4-8B6A-890090FF40E2}.Debug|x64.Build.0 = Debug|x64
		{EAC1A75D-FAE1-46B4-8B6A-890090FF40E2}.Debug|x86.ActiveCfg = Debug|Win32
		{EAC1A75D-FAE1-46B4-8B6A-890090FF40E2}.Debug|x86.Build.0 = Debug|Win32
		{EAC1A75D-FAE1-46B4-8B6A-890090FF40E2}.Release|x64.ActiveCfg = Release|x64
		{EAC1A75D-FAE1-46B4-8B6A-890090FF40E2}.Release|x64.Build.0 = Release|x64
		{EAC1A75D-FAE1-46B4-8B6A-890090FF40E2}.Release|x86.ActiveCfg = Release|Win32
		{EAC1A75D-FAE1-46B4-8B6A-890090FF40E2}.Release|x86.Build.0 = Release|Win32
		{6169F652-DC20-483B-B801-5B9CB478734B}.Debug|x64.ActiveCfg = Debug|x64
		{6169F652-DC20-483B-B801-5B9CB478734B}.Debug|x64.Build.0 = Debug|x64
		{6169F652-DC20-483B-B801-5B9CB478734B}.Debug|x86.ActiveCfg = Debug|Win32
		{6169F652-DC20-483B-B801-5B9CB478734B}.Debug|x86.Build.0 = Debug|Win32
		{6169F652-DC20-483B-B801-5B9CB478734B}.Release|x64.ActiveCfg = Release|x64
		{6169F652-DC20-483B-B801-5B9CB478734B}.Release|x64.Build.0 = Release|x64
		{6169F652-DC20-483B-B801-5B9CB478734B}.Release|x86.ActiveCfg = Release|Win32
		{6169F652-DC20-483B-B801-5B9CB478734B}.Release|x86.Build.0 = Release|Win32
	EndGlobalSection
	GlobalSection(SolutionProperties) = preSolution
		HideSolutionNode = FALSE
	EndGlobalSection
	GlobalSection(ExtensibilityGlobals) = postSolution
		SolutionGuid = {CC06871B-A054-4A8B-8963-CFF04C7381F7}
	EndGlobalSection
EndGlobal
